
Microsoft Visual Studio Solution File, Format Version 12.00
# Visual Studio Version 17
VisualStudioVersion = 17.7.34024.191
MinimumVisualStudioVersion = 10.0.40219.1
Project("{8BC9CEB8-8B4A-11D0-8D11-00A0C91BC942}") = "MT", "MT\MT.vcxproj", "{C8C32A56-C5DD-44E4-8EDE-2C87F230242F}"
EndProject
Global
	GlobalSection(SolutionConfigurationPlatforms) = preSolution
		Debug|x64 = Debug|x64
		Debug|x86 = Debug|x86
		Release|x64 = Release|x64
		Release|x86 = Release|x86
	EndGlobalSection
	GlobalSection(ProjectConfigurationPlatforms) = postSolution
		{C8C32A56-C5DD-44E4-8EDE-2C87F230242F}.Debug|x64.ActiveCfg = Debug|x64
		{C8C32A56-C5DD-44E4-8EDE-2C87F230242F}.Debug|x64.Build.0 = Debug|x64
		{C8C32A56-C5DD-44E4-8EDE-2C87F230242F}.Debug|x86.ActiveCfg = Debug|Win32
		{C8C32A56-C5DD-44E4-8EDE-2C87F230242F}.Debug|x86.Build.0 = Debug|Win32
		{C8C32A56-C5DD-44E4-8EDE-2C87F230242F}.Release|x64.ActiveCfg = Release|x64
		{C8C32A56-C5DD-44E4-8EDE-2C87F230242F}.Release|x64.Build.0 = Release|x64
		{C8C32A56-C5DD-44E4-8EDE-2C87F230242F}.Release|x86.ActiveCfg = Release|Win32
		{C8C32A56-C5DD-44E4-8EDE-2C87F230242F}.Release|x86.Build.0 = Release|Win32
	EndGlobalSection
	GlobalSection(SolutionProperties) = preSolution
		HideSolutionNode = FALSE
	EndGlobalSection
	GlobalSection(ExtensibilityGlobals) = postSolution
		SolutionGuid = {ED0D39F7-D593-4F35-B4B4-06BB28957994}
	EndGlobalSection
EndGlobal
